// !$*UTF8*$!
{
	archiveVersion = 1;
	classes = {
	};
	objectVersion = 46;
	objects = {

/* Begin PBXBuildFile section */
		655725851D3208C900CCF5A9 /* AppDelegate.swift in Sources */ = {isa = PBXBuildFile; fileRef = 655725841D3208C900CCF5A9 /* AppDelegate.swift */; };
		6557258B1D3208C900CCF5A9 /* GameScene.swift in Sources */ = {isa = PBXBuildFile; fileRef = 6557258A1D3208C900CCF5A9 /* GameScene.swift */; };
		6557258D1D3208C900CCF5A9 /* GameViewController.swift in Sources */ = {isa = PBXBuildFile; fileRef = 6557258C1D3208C900CCF5A9 /* GameViewController.swift */; };
		655725921D3208C900CCF5A9 /* Assets.xcassets in Resources */ = {isa = PBXBuildFile; fileRef = 655725911D3208C900CCF5A9 /* Assets.xcassets */; };
		65AC3E611D33394E00C24A00 /* EntityManager.swift in Sources */ = {isa = PBXBuildFile; fileRef = 65AC3E601D33394E00C24A00 /* EntityManager.swift */; };
		65AC3E651D33399D00C24A00 /* SpriteComponent.swift in Sources */ = {isa = PBXBuildFile; fileRef = 65AC3E641D33399D00C24A00 /* SpriteComponent.swift */; };
		65C0011A1D3334E9008476AD /* LaunchScreen.storyboard in Resources */ = {isa = PBXBuildFile; fileRef = 65C001191D3334E9008476AD /* LaunchScreen.storyboard */; };
		E480FF291D3A5FCF0044C90F /* corridor.png in Resources */ = {isa = PBXBuildFile; fileRef = E480FF261D3A5FCF0044C90F /* corridor.png */; };
		E480FF2A1D3A5FCF0044C90F /* crosshairX.png in Resources */ = {isa = PBXBuildFile; fileRef = E480FF271D3A5FCF0044C90F /* crosshairX.png */; };
		E480FF2B1D3A5FCF0044C90F /* crosshairY.png in Resources */ = {isa = PBXBuildFile; fileRef = E480FF281D3A5FCF0044C90F /* crosshairY.png */; };
		E4EC47651D455DBC008044EE /* dot.png in Resources */ = {isa = PBXBuildFile; fileRef = E4EC47641D455DBC008044EE /* dot.png */; };
/* End PBXBuildFile section */

/* Begin PBXFileReference section */
		655725811D3208C900CCF5A9 /* kayv.app */ = {isa = PBXFileReference; explicitFileType = wrapper.application; includeInIndex = 0; path = kayv.app; sourceTree = BUILT_PRODUCTS_DIR; };
		655725841D3208C900CCF5A9 /* AppDelegate.swift */ = {isa = PBXFileReference; lastKnownFileType = sourcecode.swift; path = AppDelegate.swift; sourceTree = "<group>"; };
		6557258A1D3208C900CCF5A9 /* GameScene.swift */ = {isa = PBXFileReference; lastKnownFileType = sourcecode.swift; path = GameScene.swift; sourceTree = "<group>"; };
		6557258C1D3208C900CCF5A9 /* GameViewController.swift */ = {isa = PBXFileReference; lastKnownFileType = sourcecode.swift; path = GameViewController.swift; sourceTree = "<group>"; };
		655725911D3208C900CCF5A9 /* Assets.xcassets */ = {isa = PBXFileReference; lastKnownFileType = folder.assetcatalog; path = Assets.xcassets; sourceTree = "<group>"; };
		655725961D3208C900CCF5A9 /* Info.plist */ = {isa = PBXFileReference; lastKnownFileType = text.plist.xml; path = Info.plist; sourceTree = "<group>"; };
		65AC3E601D33394E00C24A00 /* EntityManager.swift */ = {isa = PBXFileReference; fileEncoding = 4; lastKnownFileType = sourcecode.swift; path = EntityManager.swift; sourceTree = "<group>"; };
		65AC3E641D33399D00C24A00 /* SpriteComponent.swift */ = {isa = PBXFileReference; fileEncoding = 4; lastKnownFileType = sourcecode.swift; path = SpriteComponent.swift; sourceTree = "<group>"; };
		65C001191D3334E9008476AD /* LaunchScreen.storyboard */ = {isa = PBXFileReference; fileEncoding = 4; lastKnownFileType = file.storyboard; path = LaunchScreen.storyboard; sourceTree = "<group>"; };
		E480FF261D3A5FCF0044C90F /* corridor.png */ = {isa = PBXFileReference; lastKnownFileType = image.png; path = corridor.png; sourceTree = "<group>"; };
		E480FF271D3A5FCF0044C90F /* crosshairX.png */ = {isa = PBXFileReference; lastKnownFileType = image.png; path = crosshairX.png; sourceTree = "<group>"; };
		E480FF281D3A5FCF0044C90F /* crosshairY.png */ = {isa = PBXFileReference; lastKnownFileType = image.png; path = crosshairY.png; sourceTree = "<group>"; };
		E4EC47641D455DBC008044EE /* dot.png */ = {isa = PBXFileReference; lastKnownFileType = image.png; path = dot.png; sourceTree = "<group>"; };
/* End PBXFileReference section */

/* Begin PBXFrameworksBuildPhase section */
		6557257E1D3208C900CCF5A9 /* Frameworks */ = {
			isa = PBXFrameworksBuildPhase;
			buildActionMask = 2147483647;
			files = (
			);
			runOnlyForDeploymentPostprocessing = 0;
		};
/* End PBXFrameworksBuildPhase section */

/* Begin PBXGroup section */
		655725781D3208C900CCF5A9 = {
			isa = PBXGroup;
			children = (
				655725831D3208C900CCF5A9 /* kayv */,
				655725821D3208C900CCF5A9 /* Products */,
			);
			sourceTree = "<group>";
		};
		655725821D3208C900CCF5A9 /* Products */ = {
			isa = PBXGroup;
			children = (
				655725811D3208C900CCF5A9 /* kayv.app */,
			);
			name = Products;
			sourceTree = "<group>";
		};
		655725831D3208C900CCF5A9 /* kayv */ = {
			isa = PBXGroup;
			children = (
				65AC3E631D33398000C24A00 /* components */,
				65AC3E621D33397500C24A00 /* entities */,
				655725841D3208C900CCF5A9 /* AppDelegate.swift */,
				6557258C1D3208C900CCF5A9 /* GameViewController.swift */,
				6557258A1D3208C900CCF5A9 /* GameScene.swift */,
				655725961D3208C900CCF5A9 /* Info.plist */,
				65C001191D3334E9008476AD /* LaunchScreen.storyboard */,
				655725911D3208C900CCF5A9 /* Assets.xcassets */,
				E480FF251D3A5FCF0044C90F /* resources */,
			);
			name = kayv;
			path = Kayv;
			sourceTree = "<group>";
		};
		65AC3E621D33397500C24A00 /* entities */ = {
			isa = PBXGroup;
			children = (
				65AC3E601D33394E00C24A00 /* EntityManager.swift */,
			);
			name = entities;
			sourceTree = "<group>";
		};
		65AC3E631D33398000C24A00 /* components */ = {
			isa = PBXGroup;
			children = (
				65AC3E641D33399D00C24A00 /* SpriteComponent.swift */,
			);
			name = components;
			sourceTree = "<group>";
		};
		E480FF251D3A5FCF0044C90F /* resources */ = {
			isa = PBXGroup;
			children = (
				E4EC47641D455DBC008044EE /* dot.png */,
				E480FF261D3A5FCF0044C90F /* corridor.png */,
				E480FF271D3A5FCF0044C90F /* crosshairX.png */,
				E480FF281D3A5FCF0044C90F /* crosshairY.png */,
			);
			name = resources;
			path = ../../kayv/kayv/resources;
			sourceTree = "<group>";
		};
/* End PBXGroup section */

/* Begin PBXNativeTarget section */
		655725801D3208C900CCF5A9 /* kayv */ = {
			isa = PBXNativeTarget;
			buildConfigurationList = 655725991D3208C900CCF5A9 /* Build configuration list for PBXNativeTarget "kayv" */;
			buildPhases = (
				6557257D1D3208C900CCF5A9 /* Sources */,
				6557257E1D3208C900CCF5A9 /* Frameworks */,
				6557257F1D3208C900CCF5A9 /* Resources */,
			);
			buildRules = (
			);
			dependencies = (
			);
			name = kayv;
			productName = Kayv;
			productReference = 655725811D3208C900CCF5A9 /* kayv.app */;
			productType = "com.apple.product-type.application";
		};
/* End PBXNativeTarget section */

/* Begin PBXProject section */
		655725791D3208C900CCF5A9 /* Project object */ = {
			isa = PBXProject;
			attributes = {
				LastSwiftUpdateCheck = 0800;
				LastUpgradeCheck = 0800;
				ORGANIZATIONNAME = "Jax Reiff";
				TargetAttributes = {
					655725801D3208C900CCF5A9 = {
						CreatedOnToolsVersion = 8.0;
						DevelopmentTeam = 684W4A7AH2;
						DevelopmentTeamName = "Cooper Reiff (Personal Team)";
						ProvisioningStyle = Automatic;
					};
				};
			};
			buildConfigurationList = 6557257C1D3208C900CCF5A9 /* Build configuration list for PBXProject "kayv" */;
			compatibilityVersion = "Xcode 3.2";
			developmentRegion = English;
			hasScannedForEncodings = 0;
			knownRegions = (
				en,
				Base,
			);
			mainGroup = 655725781D3208C900CCF5A9;
			productRefGroup = 655725821D3208C900CCF5A9 /* Products */;
			projectDirPath = "";
			projectRoot = "";
			targets = (
				655725801D3208C900CCF5A9 /* kayv */,
			);
		};
/* End PBXProject section */

/* Begin PBXResourcesBuildPhase section */
		6557257F1D3208C900CCF5A9 /* Resources */ = {
			isa = PBXResourcesBuildPhase;
			buildActionMask = 2147483647;
			files = (
				655725921D3208C900CCF5A9 /* Assets.xcassets in Resources */,
				E480FF291D3A5FCF0044C90F /* corridor.png in Resources */,
				65C0011A1D3334E9008476AD /* LaunchScreen.storyboard in Resources */,
				E4EC47651D455DBC008044EE /* dot.png in Resources */,
				E480FF2A1D3A5FCF0044C90F /* crosshairX.png in Resources */,
				E480FF2B1D3A5FCF0044C90F /* crosshairY.png in Resources */,
			);
			runOnlyForDeploymentPostprocessing = 0;
		};
/* End PBXResourcesBuildPhase section */

/* Begin PBXSourcesBuildPhase section */
		6557257D1D3208C900CCF5A9 /* Sources */ = {
			isa = PBXSourcesBuildPhase;
			buildActionMask = 2147483647;
			files = (
				6557258B1D3208C900CCF5A9 /* GameScene.swift in Sources */,
				65AC3E651D33399D00C24A00 /* SpriteComponent.swift in Sources */,
				6557258D1D3208C900CCF5A9 /* GameViewController.swift in Sources */,
				65AC3E611D33394E00C24A00 /* EntityManager.swift in Sources */,
				655725851D3208C900CCF5A9 /* AppDelegate.swift in Sources */,
			);
			runOnlyForDeploymentPostprocessing = 0;
		};
/* End PBXSourcesBuildPhase section */

/* Begin XCBuildConfiguration section */
		655725971D3208C900CCF5A9 /* Debug */ = {
			isa = XCBuildConfiguration;
			buildSettings = {
				ALWAYS_SEARCH_USER_PATHS = NO;
				CLANG_ANALYZER_NONNULL = YES;
				CLANG_CXX_LANGUAGE_STANDARD = "gnu++0x";
				CLANG_CXX_LIBRARY = "libc++";
				CLANG_ENABLE_MODULES = YES;
				CLANG_ENABLE_OBJC_ARC = YES;
				CLANG_WARN_BOOL_CONVERSION = YES;
				CLANG_WARN_CONSTANT_CONVERSION = YES;
				CLANG_WARN_DIRECT_OBJC_ISA_USAGE = YES_ERROR;
				CLANG_WARN_DOCUMENTATION_COMMENTS = YES;
				CLANG_WARN_EMPTY_BODY = YES;
				CLANG_WARN_ENUM_CONVERSION = YES;
				CLANG_WARN_INT_CONVERSION = YES;
				CLANG_WARN_OBJC_ROOT_CLASS = YES_ERROR;
				CLANG_WARN_UNREACHABLE_CODE = YES;
				CLANG_WARN__DUPLICATE_METHOD_MATCH = YES;
				"CODE_SIGN_IDENTITY[sdk=iphoneos*]" = "iPhone Developer";
				COPY_PHASE_STRIP = NO;
				DEBUG_INFORMATION_FORMAT = dwarf;
				ENABLE_STRICT_OBJC_MSGSEND = YES;
				ENABLE_TESTABILITY = YES;
				GCC_C_LANGUAGE_STANDARD = gnu99;
				GCC_DYNAMIC_NO_PIC = NO;
				GCC_NO_COMMON_BLOCKS = YES;
				GCC_OPTIMIZATION_LEVEL = 0;
				GCC_PREPROCESSOR_DEFINITIONS = (
					"DEBUG=1",
					"$(inherited)",
				);
				GCC_WARN_64_TO_32_BIT_CONVERSION = YES;
				GCC_WARN_ABOUT_RETURN_TYPE = YES_ERROR;
				GCC_WARN_UNDECLARED_SELECTOR = YES;
				GCC_WARN_UNINITIALIZED_AUTOS = YES_AGGRESSIVE;
				GCC_WARN_UNUSED_FUNCTION = YES;
				GCC_WARN_UNUSED_VARIABLE = YES;
				IPHONEOS_DEPLOYMENT_TARGET = 10.0;
				MTL_ENABLE_DEBUG_INFO = YES;
				ONLY_ACTIVE_ARCH = YES;
				SDKROOT = iphoneos;
				SWIFT_ACTIVE_COMPILATION_CONDITIONS = DEBUG;
				SWIFT_OPTIMIZATION_LEVEL = "-Onone";
			};
			name = Debug;
		};
		655725981D3208C900CCF5A9 /* Release */ = {
			isa = XCBuildConfiguration;
			buildSettings = {
				ALWAYS_SEARCH_USER_PATHS = NO;
				CLANG_ANALYZER_NONNULL = YES;
				CLANG_CXX_LANGUAGE_STANDARD = "gnu++0x";
				CLANG_CXX_LIBRARY = "libc++";
				CLANG_ENABLE_MODULES = YES;
				CLANG_ENABLE_OBJC_ARC = YES;
				CLANG_WARN_BOOL_CONVERSION = YES;
				CLANG_WARN_CONSTANT_CONVERSION = YES;
				CLANG_WARN_DIRECT_OBJC_ISA_USAGE = YES_ERROR;
				CLANG_WARN_DOCUMENTATION_COMMENTS = YES;
				CLANG_WARN_EMPTY_BODY = YES;
				CLANG_WARN_ENUM_CONVERSION = YES;
				CLANG_WARN_INT_CONVERSION = YES;
				CLANG_WARN_OBJC_ROOT_CLASS = YES_ERROR;
				CLANG_WARN_UNREACHABLE_CODE = YES;
				CLANG_WARN__DUPLICATE_METHOD_MATCH = YES;
				"CODE_SIGN_IDENTITY[sdk=iphoneos*]" = "iPhone Developer";
				COPY_PHASE_STRIP = NO;
				DEBUG_INFORMATION_FORMAT = "dwarf-with-dsym";
				ENABLE_NS_ASSERTIONS = NO;
				ENABLE_STRICT_OBJC_MSGSEND = YES;
				GCC_C_LANGUAGE_STANDARD = gnu99;
				GCC_NO_COMMON_BLOCKS = YES;
				GCC_WARN_64_TO_32_BIT_CONVERSION = YES;
				GCC_WARN_ABOUT_RETURN_TYPE = YES_ERROR;
				GCC_WARN_UNDECLARED_SELECTOR = YES;
				GCC_WARN_UNINITIALIZED_AUTOS = YES_AGGRESSIVE;
				GCC_WARN_UNUSED_FUNCTION = YES;
				GCC_WARN_UNUSED_VARIABLE = YES;
				IPHONEOS_DEPLOYMENT_TARGET = 10.0;
				MTL_ENABLE_DEBUG_INFO = NO;
				SDKROOT = iphoneos;
				SWIFT_OPTIMIZATION_LEVEL = "-Owholemodule";
				VALIDATE_PRODUCT = YES;
			};
			name = Release;
		};
		6557259A1D3208C900CCF5A9 /* Debug */ = {
			isa = XCBuildConfiguration;
			buildSettings = {
				ASSETCATALOG_COMPILER_APPICON_NAME = AppIcon;
				INFOPLIST_FILE = Kayv/Info.plist;
				IPHONEOS_DEPLOYMENT_TARGET = 10.0;
				LD_RUNPATH_SEARCH_PATHS = "$(inherited) @executable_path/Frameworks";
				PRODUCT_BUNDLE_IDENTIFIER = com.reiff.jax.Kayv;
				PRODUCT_NAME = "$(TARGET_NAME)";
				SWIFT_VERSION = 3.0;
			};
			name = Debug;
		};
		6557259B1D3208C900CCF5A9 /* Release */ = {
			isa = XCBuildConfiguration;
			buildSettings = {
				ASSETCATALOG_COMPILER_APPICON_NAME = AppIcon;
				INFOPLIST_FILE = Kayv/Info.plist;
				IPHONEOS_DEPLOYMENT_TARGET = 10.0;
				LD_RUNPATH_SEARCH_PATHS = "$(inherited) @executable_path/Frameworks";
				PRODUCT_BUNDLE_IDENTIFIER = com.reiff.jax.Kayv;
				PRODUCT_NAME = "$(TARGET_NAME)";
				SWIFT_VERSION = 3.0;
			};
			name = Release;
		};
/* End XCBuildConfiguration section */

/* Begin XCConfigurationList section */
		6557257C1D3208C900CCF5A9 /* Build configuration list for PBXProject "kayv" */ = {
			isa = XCConfigurationList;
			buildConfigurations = (
				655725971D3208C900CCF5A9 /* Debug */,
				655725981D3208C900CCF5A9 /* Release */,
			);
			defaultConfigurationIsVisible = 0;
			defaultConfigurationName = Release;
		};
		655725991D3208C900CCF5A9 /* Build configuration list for PBXNativeTarget "kayv" */ = {
			isa = XCConfigurationList;
			buildConfigurations = (
				6557259A1D3208C900CCF5A9 /* Debug */,
				6557259B1D3208C900CCF5A9 /* Release */,
			);
			defaultConfigurationIsVisible = 0;
			defaultConfigurationName = Release;
		};
/* End XCConfigurationList section */
	};
	rootObject = 655725791D3208C900CCF5A9 /* Project object */;
}
